
Microsoft Visual Studio Solution File, Format Version 12.00
# Visual Studio Express 14 for Windows Desktop
VisualStudioVersion = 14.0.25420.1
MinimumVisualStudioVersion = 10.0.40219.1
Project("{FAE04EC0-301F-11D3-BF4B-00C04F79EFBC}") = "HanLP_Utils", "HanLP_Utils\HanLP_Utils.csproj", "{4C90C2CA-4151-45F9-A9A6-4022A39193A4}"
EndProject
Project("{FAE04EC0-301F-11D3-BF4B-00C04F79EFBC}") = "HanLP_Utils_Portable", "HanLP_Utils_Portable\HanLP_Utils_Portable.csproj", "{9E869B9D-D628-4440-AA06-8C0771AA383D}"
EndProject
Project("{FAE04EC0-301F-11D3-BF4B-00C04F79EFBC}") = "OCR_MS", "OCR_MS\OCR_MS.csproj", "{09EFEB30-5C1A-4578-AB9E-3AE105473FB2}"
EndProject
Project("{FAE04EC0-301F-11D3-BF4B-00C04F79EFBC}") = "iFlySpeechRecognizer", "iFlySpeechRecognizer\iFlySpeechRecognizer.csproj", "{CBB8A97F-FA72-4269-9E71-FD0404171F3C}"
EndProject
Project("{FAE04EC0-301F-11D3-BF4B-00C04F79EFBC}") = "SoundToText", "SoundToText\SoundToText.csproj", "{1C21AED5-F3BB-482E-BB96-6E106BAA1E32}"
EndProject
Global
	GlobalSection(SolutionConfigurationPlatforms) = preSolution
		Debug|Any CPU = Debug|Any CPU
		Debug|x64 = Debug|x64
		Debug|x86 = Debug|x86
		Release|Any CPU = Release|Any CPU
		Release|x64 = Release|x64
		Release|x86 = Release|x86
	EndGlobalSection
	GlobalSection(ProjectConfigurationPlatforms) = postSolution
		{4C90C2CA-4151-45F9-A9A6-4022A39193A4}.Debug|Any CPU.ActiveCfg = Debug|Any CPU
		{4C90C2CA-4151-45F9-A9A6-4022A39193A4}.Debug|Any CPU.Build.0 = Debug|Any CPU
		{4C90C2CA-4151-45F9-A9A6-4022A39193A4}.Debug|x64.ActiveCfg = Debug|x64
		{4C90C2CA-4151-45F9-A9A6-4022A39193A4}.Debug|x64.Build.0 = Debug|x64
		{4C90C2CA-4151-45F9-A9A6-4022A39193A4}.Debug|x86.ActiveCfg = Debug|Any CPU
		{4C90C2CA-4151-45F9-A9A6-4022A39193A4}.Debug|x86.Build.0 = Debug|Any CPU
		{4C90C2CA-4151-45F9-A9A6-4022A39193A4}.Release|Any CPU.ActiveCfg = Release|Any CPU
		{4C90C2CA-4151-45F9-A9A6-4022A39193A4}.Release|Any CPU.Build.0 = Release|Any CPU
		{4C90C2CA-4151-45F9-A9A6-4022A39193A4}.Release|x64.ActiveCfg = Release|x64
		{4C90C2CA-4151-45F9-A9A6-4022A39193A4}.Release|x64.Build.0 = Release|x64
		{4C90C2CA-4151-45F9-A9A6-4022A39193A4}.Release|x86.ActiveCfg = Release|Any CPU
		{4C90C2CA-4151-45F9-A9A6-4022A39193A4}.Release|x86.Build.0 = Release|Any CPU
		{9E869B9D-D628-4440-AA06-8C0771AA383D}.Debug|Any CPU.ActiveCfg = Debug|Any CPU
		{9E869B9D-D628-4440-AA06-8C0771AA383D}.Debug|Any CPU.Build.0 = Debug|Any CPU
		{9E869B9D-D628-4440-AA06-8C0771AA383D}.Debug|x64.ActiveCfg = Debug|x64
		{9E869B9D-D628-4440-AA06-8C0771AA383D}.Debug|x64.Build.0 = Debug|x64
		{9E869B9D-D628-4440-AA06-8C0771AA383D}.Debug|x86.ActiveCfg = Debug|Any CPU
		{9E869B9D-D628-4440-AA06-8C0771AA383D}.Debug|x86.Build.0 = Debug|Any CPU
		{9E869B9D-D628-4440-AA06-8C0771AA383D}.Release|Any CPU.ActiveCfg = Release|Any CPU
		{9E869B9D-D628-4440-AA06-8C0771AA383D}.Release|Any CPU.Build.0 = Release|Any CPU
		{9E869B9D-D628-4440-AA06-8C0771AA383D}.Release|x64.ActiveCfg = Release|x64
		{9E869B9D-D628-4440-AA06-8C0771AA383D}.Release|x64.Build.0 = Release|x64
		{9E869B9D-D628-4440-AA06-8C0771AA383D}.Release|x86.ActiveCfg = Release|Any CPU
		{9E869B9D-D628-4440-AA06-8C0771AA383D}.Release|x86.Build.0 = Release|Any CPU
		{09EFEB30-5C1A-4578-AB9E-3AE105473FB2}.Debug|Any CPU.ActiveCfg = Debug|Any CPU
		{09EFEB30-5C1A-4578-AB9E-3AE105473FB2}.Debug|Any CPU.Build.0 = Debug|Any CPU
		{09EFEB30-5C1A-4578-AB9E-3AE105473FB2}.Debug|x64.ActiveCfg = Debug|x64
		{09EFEB30-5C1A-4578-AB9E-3AE105473FB2}.Debug|x64.Build.0 = Debug|x64
		{09EFEB30-5C1A-4578-AB9E-3AE105473FB2}.Debug|x86.ActiveCfg = Debug|x86
		{09EFEB30-5C1A-4578-AB9E-3AE105473FB2}.Debug|x86.Build.0 = Debug|x86
		{09EFEB30-5C1A-4578-AB9E-3AE105473FB2}.Release|Any CPU.ActiveCfg = Release|Any CPU
		{09EFEB30-5C1A-4578-AB9E-3AE105473FB2}.Release|Any CPU.Build.0 = Release|Any CPU
		{09EFEB30-5C1A-4578-AB9E-3AE105473FB2}.Release|x64.ActiveCfg = Release|x64
		{09EFEB30-5C1A-4578-AB9E-3AE105473FB2}.Release|x64.Build.0 = Release|x64
		{09EFEB30-5C1A-4578-AB9E-3AE105473FB2}.Release|x86.ActiveCfg = Release|x86
		{09EFEB30-5C1A-4578-AB9E-3AE105473FB2}.Release|x86.Build.0 = Release|x86
		{CBB8A97F-FA72-4269-9E71-FD0404171F3C}.Debug|Any CPU.ActiveCfg = Debug|Any CPU
		{CBB8A97F-FA72-4269-9E71-FD0404171F3C}.Debug|Any CPU.Build.0 = Debug|Any CPU
		{CBB8A97F-FA72-4269-9E71-FD0404171F3C}.Debug|x64.ActiveCfg = Debug|x64
		{CBB8A97F-FA72-4269-9E71-FD0404171F3C}.Debug|x64.Build.0 = Debug|x64
		{CBB8A97F-FA72-4269-9E71-FD0404171F3C}.Debug|x86.ActiveCfg = Debug|x86
		{CBB8A97F-FA72-4269-9E71-FD0404171F3C}.Debug|x86.Build.0 = Debug|x86
		{CBB8A97F-FA72-4269-9E71-FD0404171F3C}.Release|Any CPU.ActiveCfg = Release|Any CPU
		{CBB8A97F-FA72-4269-9E71-FD0404171F3C}.Release|Any CPU.Build.0 = Release|Any CPU
		{CBB8A97F-FA72-4269-9E71-FD0404171F3C}.Release|x64.ActiveCfg = Release|x64
		{CBB8A97F-FA72-4269-9E71-FD0404171F3C}.Release|x64.Build.0 = Release|x64
		{CBB8A97F-FA72-4269-9E71-FD0404171F3C}.Release|x86.ActiveCfg = Release|x86
		{CBB8A97F-FA72-4269-9E71-FD0404171F3C}.Release|x86.Build.0 = Release|x86
		{1C21AED5-F3BB-482E-BB96-6E106BAA1E32}.Debug|Any CPU.ActiveCfg = Debug|Any CPU
		{1C21AED5-F3BB-482E-BB96-6E106BAA1E32}.Debug|Any CPU.Build.0 = Debug|Any CPU
		{1C21AED5-F3BB-482E-BB96-6E106BAA1E32}.Debug|x64.ActiveCfg = Debug|x64
		{1C21AED5-F3BB-482E-BB96-6E106BAA1E32}.Debug|x64.Build.0 = Debug|x64
		{1C21AED5-F3BB-482E-BB96-6E106BAA1E32}.Debug|x86.ActiveCfg = Debug|x86
		{1C21AED5-F3BB-482E-BB96-6E106BAA1E32}.Debug|x86.Build.0 = Debug|x86
		{1C21AED5-F3BB-482E-BB96-6E106BAA1E32}.Release|Any CPU.ActiveCfg = Release|Any CPU
		{1C21AED5-F3BB-482E-BB96-6E106BAA1E32}.Release|Any CPU.Build.0 = Release|Any CPU
		{1C21AED5-F3BB-482E-BB96-6E106BAA1E32}.Release|x64.ActiveCfg = Release|x64
		{1C21AED5-F3BB-482E-BB96-6E106BAA1E32}.Release|x64.Build.0 = Release|x64
		{1C21AED5-F3BB-482E-BB96-6E106BAA1E32}.Release|x86.ActiveCfg = Release|x86
		{1C21AED5-F3BB-482E-BB96-6E106BAA1E32}.Release|x86.Build.0 = Release|x86
	EndGlobalSection
	GlobalSection(SolutionProperties) = preSolution
		HideSolutionNode = FALSE
	EndGlobalSection
EndGlobal
